{
  "name": "jz-chrome-devtools",
  "dependencies": {
    "accepts": {
      "version": "1.3.3",
      "from": "accepts@>=1.3.3 <1.4.0",
      "resolved": "https://registry.npmjs.org/accepts/-/accepts-1.3.3.tgz"
    },
    "ambi": {
      "version": "2.5.0",
      "from": "ambi@>=2.2.0 <3.0.0",
      "resolved": "https://registry.npmjs.org/ambi/-/ambi-2.5.0.tgz"
    },
    "apache-crypt": {
      "version": "1.1.2",
      "from": "apache-crypt@>=1.1.2 <2.0.0",
      "resolved": "https://registry.npmjs.org/apache-crypt/-/apache-crypt-1.1.2.tgz"
    },
    "apache-md5": {
      "version": "1.0.6",
      "from": "apache-md5@>=1.0.6 <2.0.0",
      "resolved": "https://registry.npmjs.org/apache-md5/-/apache-md5-1.0.6.tgz"
    },
    "basic-auth": {
      "version": "1.0.4",
      "from": "basic-auth@>=1.0.3 <1.1.0",
      "resolved": "https://registry.npmjs.org/basic-auth/-/basic-auth-1.0.4.tgz"
    },
    "batch": {
      "version": "0.5.3",
      "from": "batch@0.5.3",
      "resolved": "https://registry.npmjs.org/batch/-/batch-0.5.3.tgz"
    },
    "colors": {
      "version": "1.1.2",
      "from": "colors@latest",
      "resolved": "https://registry.npmjs.org/colors/-/colors-1.1.2.tgz"
    },
    "connect": {
      "version": "3.4.1",
      "from": "connect@>=3.4.0 <3.5.0",
      "resolved": "https://registry.npmjs.org/connect/-/connect-3.4.1.tgz"
    },
    "cors": {
      "version": "2.8.0",
      "from": "cors@latest",
      "resolved": "https://registry.npmjs.org/cors/-/cors-2.8.0.tgz"
    },
    "csextends": {
      "version": "1.0.3",
      "from": "csextends@>=1.0.3 <2.0.0",
      "resolved": "https://registry.npmjs.org/csextends/-/csextends-1.0.3.tgz"
    },
    "debug": {
      "version": "2.2.0",
      "from": "debug@>=2.2.0 <2.3.0",
      "resolved": "https://registry.npmjs.org/debug/-/debug-2.2.0.tgz"
    },
    "depd": {
      "version": "1.1.0",
      "from": "depd@>=1.1.0 <1.2.0",
      "resolved": "https://registry.npmjs.org/depd/-/depd-1.1.0.tgz"
    },
    "destroy": {
      "version": "1.0.4",
      "from": "destroy@>=1.0.4 <1.1.0",
      "resolved": "https://registry.npmjs.org/destroy/-/destroy-1.0.4.tgz"
    },
    "duplexer": {
      "version": "0.1.1",
      "from": "duplexer@>=0.1.1 <0.2.0",
      "resolved": "https://registry.npmjs.org/duplexer/-/duplexer-0.1.1.tgz"
    },
    "eachr": {
      "version": "3.2.0",
      "from": "eachr@>=3.2.0 <4.0.0",
      "resolved": "https://registry.npmjs.org/eachr/-/eachr-3.2.0.tgz"
    },
    "editions": {
      "version": "1.1.2",
      "from": "editions@>=1.1.1 <2.0.0",
      "resolved": "https://registry.npmjs.org/editions/-/editions-1.1.2.tgz"
    },
    "ee-first": {
      "version": "1.1.1",
      "from": "ee-first@1.1.1",
      "resolved": "https://registry.npmjs.org/ee-first/-/ee-first-1.1.1.tgz"
    },
    "encodeurl": {
      "version": "1.0.1",
      "from": "encodeurl@>=1.0.1 <1.1.0",
      "resolved": "https://registry.npmjs.org/encodeurl/-/encodeurl-1.0.1.tgz"
    },
    "escape-html": {
      "version": "1.0.3",
      "from": "escape-html@>=1.0.3 <1.1.0",
      "resolved": "https://registry.npmjs.org/escape-html/-/escape-html-1.0.3.tgz"
    },
    "etag": {
      "version": "1.7.0",
      "from": "etag@>=1.7.0 <1.8.0",
      "resolved": "https://registry.npmjs.org/etag/-/etag-1.7.0.tgz"
    },
    "event-stream": {
      "version": "3.3.4",
      "from": "event-stream@latest",
      "resolved": "https://registry.npmjs.org/event-stream/-/event-stream-3.3.4.tgz"
    },
    "extendr": {
      "version": "3.2.2",
      "from": "extendr@>=3.2.2 <4.0.0",
      "resolved": "https://registry.npmjs.org/extendr/-/extendr-3.2.2.tgz"
    },
    "extract-opts": {
      "version": "3.3.1",
      "from": "extract-opts@>=3.3.1 <4.0.0",
      "resolved": "https://registry.npmjs.org/extract-opts/-/extract-opts-3.3.1.tgz"
    },
    "faye-websocket": {
      "version": "0.11.0",
      "from": "faye-websocket@>=0.11.0 <0.12.0",
      "resolved": "https://registry.npmjs.org/faye-websocket/-/faye-websocket-0.11.0.tgz"
    },
    "finalhandler": {
      "version": "0.4.1",
      "from": "finalhandler@0.4.1",
      "resolved": "https://registry.npmjs.org/finalhandler/-/finalhandler-0.4.1.tgz"
    },
    "fresh": {
      "version": "0.3.0",
      "from": "fresh@0.3.0",
      "resolved": "https://registry.npmjs.org/fresh/-/fresh-0.3.0.tgz"
    },
    "from": {
      "version": "0.1.3",
      "from": "from@>=0.0.0 <1.0.0",
      "resolved": "https://registry.npmjs.org/from/-/from-0.1.3.tgz"
    },
    "graceful-fs": {
      "version": "4.1.6",
      "from": "graceful-fs@>=4.1.4 <5.0.0",
      "resolved": "https://registry.npmjs.org/graceful-fs/-/graceful-fs-4.1.6.tgz"
    },
    "http-auth": {
      "version": "2.4.4",
      "from": "http-auth@>=2.4.0 <2.5.0",
      "resolved": "https://registry.npmjs.org/http-auth/-/http-auth-2.4.4.tgz"
    },
    "http-errors": {
      "version": "1.5.0",
      "from": "http-errors@>=1.5.0 <1.6.0",
      "resolved": "https://registry.npmjs.org/http-errors/-/http-errors-1.5.0.tgz"
    },
    "ignorefs": {
      "version": "1.1.1",
      "from": "ignorefs@>=1.1.1 <2.0.0",
      "resolved": "https://registry.npmjs.org/ignorefs/-/ignorefs-1.1.1.tgz"
    },
    "ignorepatterns": {
      "version": "1.1.0",
      "from": "ignorepatterns@>=1.0.1 <2.0.0",
      "resolved": "https://registry.npmjs.org/ignorepatterns/-/ignorepatterns-1.1.0.tgz"
    },
    "inherits": {
      "version": "2.0.1",
      "from": "inherits@2.0.1",
      "resolved": "https://registry.npmjs.org/inherits/-/inherits-2.0.1.tgz"
    },
    "map-stream": {
      "version": "0.1.0",
      "from": "map-stream@>=0.1.0 <0.2.0",
      "resolved": "https://registry.npmjs.org/map-stream/-/map-stream-0.1.0.tgz"
    },
    "mime": {
      "version": "1.3.4",
      "from": "mime@1.3.4",
      "resolved": "https://registry.npmjs.org/mime/-/mime-1.3.4.tgz"
    },
    "mime-db": {
      "version": "1.23.0",
      "from": "mime-db@>=1.23.0 <1.24.0",
      "resolved": "https://registry.npmjs.org/mime-db/-/mime-db-1.23.0.tgz"
    },
    "mime-types": {
      "version": "2.1.11",
      "from": "mime-types@>=2.1.11 <2.2.0",
      "resolved": "https://registry.npmjs.org/mime-types/-/mime-types-2.1.11.tgz"
    },
    "morgan": {
      "version": "1.7.0",
      "from": "morgan@>=1.6.1 <2.0.0",
      "resolved": "https://registry.npmjs.org/morgan/-/morgan-1.7.0.tgz"
    },
    "ms": {
      "version": "0.7.1",
      "from": "ms@0.7.1",
      "resolved": "https://registry.npmjs.org/ms/-/ms-0.7.1.tgz"
    },
    "negotiator": {
      "version": "0.6.1",
      "from": "negotiator@0.6.1",
      "resolved": "https://registry.npmjs.org/negotiator/-/negotiator-0.6.1.tgz"
    },
    "node-uuid": {
      "version": "1.4.7",
      "from": "node-uuid@>=1.4.7 <2.0.0",
      "resolved": "https://registry.npmjs.org/node-uuid/-/node-uuid-1.4.7.tgz"
    },
    "object-assign": {
      "version": "4.1.0",
      "from": "object-assign@latest",
      "resolved": "https://registry.npmjs.org/object-assign/-/object-assign-4.1.0.tgz"
    },
    "on-finished": {
      "version": "2.3.0",
      "from": "on-finished@>=2.3.0 <2.4.0",
      "resolved": "https://registry.npmjs.org/on-finished/-/on-finished-2.3.0.tgz"
    },
    "on-headers": {
      "version": "1.0.1",
      "from": "on-headers@>=1.0.1 <1.1.0",
      "resolved": "https://registry.npmjs.org/on-headers/-/on-headers-1.0.1.tgz"
    },
    "opn": {
      "version": "4.0.2",
      "from": "opn@latest",
      "resolved": "https://registry.npmjs.org/opn/-/opn-4.0.2.tgz"
    },
    "parseurl": {
      "version": "1.3.1",
      "from": "parseurl@>=1.3.1 <1.4.0",
      "resolved": "https://registry.npmjs.org/parseurl/-/parseurl-1.3.1.tgz"
    },
    "pause-stream": {
      "version": "0.0.11",
      "from": "pause-stream@0.0.11",
      "resolved": "https://registry.npmjs.org/pause-stream/-/pause-stream-0.0.11.tgz"
    },
    "pinkie": {
      "version": "2.0.4",
      "from": "pinkie@>=2.0.0 <3.0.0",
      "resolved": "https://registry.npmjs.org/pinkie/-/pinkie-2.0.4.tgz"
    },
    "pinkie-promise": {
      "version": "2.0.1",
      "from": "pinkie-promise@>=2.0.0 <3.0.0",
      "resolved": "https://registry.npmjs.org/pinkie-promise/-/pinkie-promise-2.0.1.tgz"
    },
    "proxy-middleware": {
      "version": "0.15.0",
      "from": "proxy-middleware@latest",
      "resolved": "https://registry.npmjs.org/proxy-middleware/-/proxy-middleware-0.15.0.tgz"
    },
    "range-parser": {
      "version": "1.2.0",
      "from": "range-parser@>=1.2.0 <1.3.0",
      "resolved": "https://registry.npmjs.org/range-parser/-/range-parser-1.2.0.tgz"
    },
    "safefs": {
      "version": "4.1.0",
      "from": "safefs@>=4.1.0 <5.0.0",
      "resolved": "https://registry.npmjs.org/safefs/-/safefs-4.1.0.tgz"
    },
    "scandirectory": {
      "version": "2.5.0",
      "from": "scandirectory@>=2.5.0 <3.0.0",
      "resolved": "https://registry.npmjs.org/scandirectory/-/scandirectory-2.5.0.tgz",
      "dependencies": {
        "safefs": {
          "version": "3.2.2",
          "from": "safefs@>=3.1.2 <4.0.0",
          "resolved": "https://registry.npmjs.org/safefs/-/safefs-3.2.2.tgz"
        },
        "taskgroup": {
          "version": "4.3.1",
          "from": "taskgroup@>=4.0.5 <5.0.0",
          "resolved": "https://registry.npmjs.org/taskgroup/-/taskgroup-4.3.1.tgz"
        }
      }
    },
    "send": {
      "version": "0.14.1",
      "from": "send@latest",
      "resolved": "https://registry.npmjs.org/send/-/send-0.14.1.tgz"
    },
    "serve-index": {
      "version": "1.8.0",
      "from": "serve-index@>=1.7.2 <2.0.0",
      "resolved": "https://registry.npmjs.org/serve-index/-/serve-index-1.8.0.tgz"
    },
    "setprototypeof": {
      "version": "1.0.1",
      "from": "setprototypeof@1.0.1",
      "resolved": "https://registry.npmjs.org/setprototypeof/-/setprototypeof-1.0.1.tgz"
    },
    "split": {
      "version": "0.3.3",
      "from": "split@>=0.3.0 <0.4.0",
      "resolved": "https://registry.npmjs.org/split/-/split-0.3.3.tgz"
    },
    "statuses": {
      "version": "1.3.0",
      "from": "statuses@>=1.3.0 <1.4.0",
      "resolved": "https://registry.npmjs.org/statuses/-/statuses-1.3.0.tgz"
    },
    "stream-combiner": {
      "version": "0.0.4",
      "from": "stream-combiner@>=0.0.4 <0.1.0",
      "resolved": "https://registry.npmjs.org/stream-combiner/-/stream-combiner-0.0.4.tgz"
    },
    "taskgroup": {
      "version": "5.0.1",
      "from": "taskgroup@>=5.0.1 <6.0.0",
      "resolved": "https://registry.npmjs.org/taskgroup/-/taskgroup-5.0.1.tgz"
    },
    "through": {
      "version": "2.3.8",
      "from": "through@>=2.3.1 <2.4.0",
      "resolved": "https://registry.npmjs.org/through/-/through-2.3.8.tgz"
    },
    "typechecker": {
      "version": "4.3.0",
      "from": "typechecker@>=4.3.0 <5.0.0",
      "resolved": "https://registry.npmjs.org/typechecker/-/typechecker-4.3.0.tgz"
    },
    "unix-crypt-td-js": {
      "version": "1.0.0",
      "from": "unix-crypt-td-js@>=1.0.0 <2.0.0",
      "resolved": "https://registry.npmjs.org/unix-crypt-td-js/-/unix-crypt-td-js-1.0.0.tgz"
    },
    "unpipe": {
      "version": "1.0.0",
      "from": "unpipe@>=1.0.0 <1.1.0",
      "resolved": "https://registry.npmjs.org/unpipe/-/unpipe-1.0.0.tgz"
    },
    "utils-merge": {
      "version": "1.0.0",
      "from": "utils-merge@1.0.0",
      "resolved": "https://registry.npmjs.org/utils-merge/-/utils-merge-1.0.0.tgz"
    },
    "vary": {
      "version": "1.1.0",
      "from": "vary@>=1.0.0 <2.0.0",
      "resolved": "https://registry.npmjs.org/vary/-/vary-1.1.0.tgz"
    },
    "watchr": {
      "version": "2.6.0",
      "from": "watchr@>=2.6.0 <2.7.0",
      "resolved": "https://registry.npmjs.org/watchr/-/watchr-2.6.0.tgz"
    },
    "websocket-driver": {
      "version": "0.6.5",
      "from": "websocket-driver@>=0.5.1",
      "resolved": "https://registry.npmjs.org/websocket-driver/-/websocket-driver-0.6.5.tgz"
    },
    "websocket-extensions": {
      "version": "0.1.1",
      "from": "websocket-extensions@>=0.1.1",
      "resolved": "https://registry.npmjs.org/websocket-extensions/-/websocket-extensions-0.1.1.tgz"
    }
  }
}
